// !$*UTF8*$!
{
	archiveVersion = 1;
	classes = {
	};
	objectVersion = 54;
	objects = {

/* Begin PBXBuildFile section */
		DBD9FC5C259F8A230060AEB9 /* ArticlesMacApp.swift in Sources */ = {isa = PBXBuildFile; fileRef = DBD9FC5B259F8A230060AEB9 /* ArticlesMacApp.swift */; };
		DBD9FC5E259F8A230060AEB9 /* ArticlesMac.swift in Sources */ = {isa = PBXBuildFile; fileRef = DBD9FC5D259F8A230060AEB9 /* ArticlesMac.swift */; };
		DBD9FC60259F8A240060AEB9 /* Assets.xcassets in Resources */ = {isa = PBXBuildFile; fileRef = DBD9FC5F259F8A240060AEB9 /* Assets.xcassets */; };
		DBD9FC63259F8A240060AEB9 /* Preview Assets.xcassets in Resources */ = {isa = PBXBuildFile; fileRef = DBD9FC62259F8A240060AEB9 /* Preview Assets.xcassets */; };
		DBD9FC65259F8A240060AEB9 /* Persistence.swift in Sources */ = {isa = PBXBuildFile; fileRef = DBD9FC64259F8A240060AEB9 /* Persistence.swift */; };
		DBD9FC68259F8A240060AEB9 /* ArticlesMac.xcdatamodeld in Sources */ = {isa = PBXBuildFile; fileRef = DBD9FC66259F8A240060AEB9 /* ArticlesMac.xcdatamodeld */; };
		DBD9FC74259F8C880060AEB9 /* CloudKit.framework in Frameworks */ = {isa = PBXBuildFile; fileRef = DBD9FC73259F8C880060AEB9 /* CloudKit.framework */; };
		DBD9FC7A259FB4CA0060AEB9 /* InfoPlist.strings in Resources */ = {isa = PBXBuildFile; fileRef = DBD9FC78259FB4CA0060AEB9 /* InfoPlist.strings */; };
		DBD9FC7D259FB4CA0060AEB9 /* Localizable.strings in Resources */ = {isa = PBXBuildFile; fileRef = DBD9FC7B259FB4CA0060AEB9 /* Localizable.strings */; };
/* End PBXBuildFile section */

/* Begin PBXFileReference section */
		DBD9FC58259F8A230060AEB9 /* ArticlesMac.app */ = {isa = PBXFileReference; explicitFileType = wrapper.application; includeInIndex = 0; path = ArticlesMac.app; sourceTree = BUILT_PRODUCTS_DIR; };
		DBD9FC5B259F8A230060AEB9 /* ArticlesMacApp.swift */ = {isa = PBXFileReference; lastKnownFileType = sourcecode.swift; path = ArticlesMacApp.swift; sourceTree = "<group>"; };
		DBD9FC5D259F8A230060AEB9 /* ArticlesMac.swift */ = {isa = PBXFileReference; lastKnownFileType = sourcecode.swift; path = ArticlesMac.swift; sourceTree = "<group>"; };
		DBD9FC5F259F8A240060AEB9 /* Assets.xcassets */ = {isa = PBXFileReference; lastKnownFileType = folder.assetcatalog; path = Assets.xcassets; sourceTree = "<group>"; };
		DBD9FC62259F8A240060AEB9 /* Preview Assets.xcassets */ = {isa = PBXFileReference; lastKnownFileType = folder.assetcatalog; path = "Preview Assets.xcassets"; sourceTree = "<group>"; };
		DBD9FC64259F8A240060AEB9 /* Persistence.swift */ = {isa = PBXFileReference; lastKnownFileType = sourcecode.swift; path = Persistence.swift; sourceTree = "<group>"; };
		DBD9FC67259F8A240060AEB9 /* ArticlesMac.xcdatamodel */ = {isa = PBXFileReference; lastKnownFileType = wrapper.xcdatamodel; path = ArticlesMac.xcdatamodel; sourceTree = "<group>"; };
		DBD9FC69259F8A240060AEB9 /* Info.plist */ = {isa = PBXFileReference; lastKnownFileType = text.plist.xml; path = Info.plist; sourceTree = "<group>"; };
		DBD9FC6A259F8A240060AEB9 /* ArticlesMac.entitlements */ = {isa = PBXFileReference; lastKnownFileType = text.plist.entitlements; path = ArticlesMac.entitlements; sourceTree = "<group>"; };
		DBD9FC73259F8C880060AEB9 /* CloudKit.framework */ = {isa = PBXFileReference; lastKnownFileType = wrapper.framework; name = CloudKit.framework; path = System/Library/Frameworks/CloudKit.framework; sourceTree = SDKROOT; };
		DBD9FC79259FB4CA0060AEB9 /* nb */ = {isa = PBXFileReference; lastKnownFileType = text.plist.strings; name = nb; path = nb.lproj/InfoPlist.strings; sourceTree = "<group>"; };
		DBD9FC7C259FB4CA0060AEB9 /* nb */ = {isa = PBXFileReference; lastKnownFileType = text.plist.strings; name = nb; path = nb.lproj/Localizable.strings; sourceTree = "<group>"; };
/* End PBXFileReference section */

/* Begin PBXFrameworksBuildPhase section */
		DBD9FC55259F8A230060AEB9 /* Frameworks */ = {
			isa = PBXFrameworksBuildPhase;
			buildActionMask = 2147483647;
			files = (
				DBD9FC74259F8C880060AEB9 /* CloudKit.framework in Frameworks */,
			);
			runOnlyForDeploymentPostprocessing = 0;
		};
/* End PBXFrameworksBuildPhase section */

/* Begin PBXGroup section */
		DBD9FC4F259F8A230060AEB9 = {
			isa = PBXGroup;
			children = (
				DBD9FC5A259F8A230060AEB9 /* ArticlesMac */,
				DBD9FC59259F8A230060AEB9 /* Products */,
				DBD9FC72259F8C880060AEB9 /* Frameworks */,
			);
			sourceTree = "<group>";
		};
		DBD9FC59259F8A230060AEB9 /* Products */ = {
			isa = PBXGroup;
			children = (
				DBD9FC58259F8A230060AEB9 /* ArticlesMac.app */,
			);
			name = Products;
			sourceTree = "<group>";
		};
		DBD9FC5A259F8A230060AEB9 /* ArticlesMac */ = {
			isa = PBXGroup;
			children = (
				DBD9FC5B259F8A230060AEB9 /* ArticlesMacApp.swift */,
				DBD9FC5D259F8A230060AEB9 /* ArticlesMac.swift */,
				DBD9FC5F259F8A240060AEB9 /* Assets.xcassets */,
				DBD9FC64259F8A240060AEB9 /* Persistence.swift */,
				DBD9FC69259F8A240060AEB9 /* Info.plist */,
				DBD9FC7B259FB4CA0060AEB9 /* Localizable.strings */,
				DBD9FC78259FB4CA0060AEB9 /* InfoPlist.strings */,
				DBD9FC6A259F8A240060AEB9 /* ArticlesMac.entitlements */,
				DBD9FC66259F8A240060AEB9 /* ArticlesMac.xcdatamodeld */,
				DBD9FC61259F8A240060AEB9 /* Preview Content */,
			);
			path = ArticlesMac;
			sourceTree = "<group>";
		};
		DBD9FC61259F8A240060AEB9 /* Preview Content */ = {
			isa = PBXGroup;
			children = (
				DBD9FC62259F8A240060AEB9 /* Preview Assets.xcassets */,
			);
			path = "Preview Content";
			sourceTree = "<group>";
		};
		DBD9FC72259F8C880060AEB9 /* Frameworks */ = {
			isa = PBXGroup;
			children = (
				DBD9FC73259F8C880060AEB9 /* CloudKit.framework */,
			);
			name = Frameworks;
			sourceTree = "<group>";
		};
/* End PBXGroup section */

/* Begin PBXNativeTarget section */
		DBD9FC57259F8A230060AEB9 /* ArticlesMac */ = {
			isa = PBXNativeTarget;
			buildConfigurationList = DBD9FC6D259F8A240060AEB9 /* Build configuration list for PBXNativeTarget "ArticlesMac" */;
			buildPhases = (
				DBD9FC54259F8A230060AEB9 /* Sources */,
				DBD9FC55259F8A230060AEB9 /* Frameworks */,
				DBD9FC56259F8A230060AEB9 /* Resources */,
			);
			buildRules = (
			);
			dependencies = (
			);
			name = ArticlesMac;
			productName = ArticlesMac;
			productReference = DBD9FC58259F8A230060AEB9 /* ArticlesMac.app */;
			productType = "com.apple.product-type.application";
		};
/* End PBXNativeTarget section */

/* Begin PBXProject section */
		DBD9FC50259F8A230060AEB9 /* Project object */ = {
			isa = PBXProject;
			attributes = {
				LastSwiftUpdateCheck = 1230;
				LastUpgradeCheck = 1230;
				TargetAttributes = {
					DBD9FC57259F8A230060AEB9 = {
						CreatedOnToolsVersion = 12.3;
					};
				};
			};
			buildConfigurationList = DBD9FC53259F8A230060AEB9 /* Build configuration list for PBXProject "ArticlesMac" */;
			compatibilityVersion = "Xcode 12.0";
			developmentRegion = en;
			hasScannedForEncodings = 0;
			knownRegions = (
				en,
				Base,
				nb,
			);
			mainGroup = DBD9FC4F259F8A230060AEB9;
			productRefGroup = DBD9FC59259F8A230060AEB9 /* Products */;
			projectDirPath = "";
			projectRoot = "";
			targets = (
				DBD9FC57259F8A230060AEB9 /* ArticlesMac */,
			);
		};
/* End PBXProject section */

/* Begin PBXResourcesBuildPhase section */
		DBD9FC56259F8A230060AEB9 /* Resources */ = {
			isa = PBXResourcesBuildPhase;
			buildActionMask = 2147483647;
			files = (
				DBD9FC63259F8A240060AEB9 /* Preview Assets.xcassets in Resources */,
				DBD9FC7D259FB4CA0060AEB9 /* Localizable.strings in Resources */,
				DBD9FC7A259FB4CA0060AEB9 /* InfoPlist.strings in Resources */,
				DBD9FC60259F8A240060AEB9 /* Assets.xcassets in Resources */,
			);
			runOnlyForDeploymentPostprocessing = 0;
		};
/* End PBXResourcesBuildPhase section */

/* Begin PBXSourcesBuildPhase section */
		DBD9FC54259F8A230060AEB9 /* Sources */ = {
			isa = PBXSourcesBuildPhase;
			buildActionMask = 2147483647;
			files = (
				DBD9FC68259F8A240060AEB9 /* ArticlesMac.xcdatamodeld in Sources */,
				DBD9FC65259F8A240060AEB9 /* Persistence.swift in Sources */,
				DBD9FC5E259F8A230060AEB9 /* ArticlesMac.swift in Sources */,
				DBD9FC5C259F8A230060AEB9 /* ArticlesMacApp.swift in Sources */,
			);
			runOnlyForDeploymentPostprocessing = 0;
		};
/* End PBXSourcesBuildPhase section */

/* Begin PBXVariantGroup section */
		DBD9FC78259FB4CA0060AEB9 /* InfoPlist.strings */ = {
			isa = PBXVariantGroup;
			children = (
				DBD9FC79259FB4CA0060AEB9 /* nb */,
			);
			name = InfoPlist.strings;
			sourceTree = "<group>";
		};
		DBD9FC7B259FB4CA0060AEB9 /* Localizable.strings */ = {
			isa = PBXVariantGroup;
			children = (
				DBD9FC7C259FB4CA0060AEB9 /* nb */,
			);
			name = Localizable.strings;
			sourceTree = "<group>";
		};
/* End PBXVariantGroup section */

/* Begin XCBuildConfiguration section */
		DBD9FC6B259F8A240060AEB9 /* Debug */ = {
			isa = XCBuildConfiguration;
			buildSettings = {
				ALWAYS_SEARCH_USER_PATHS = NO;
				CLANG_ANALYZER_NONNULL = YES;
				CLANG_ANALYZER_NUMBER_OBJECT_CONVERSION = YES_AGGRESSIVE;
				CLANG_CXX_LANGUAGE_STANDARD = "gnu++14";
				CLANG_CXX_LIBRARY = "libc++";
				CLANG_ENABLE_MODULES = YES;
				CLANG_ENABLE_OBJC_ARC = YES;
				CLANG_ENABLE_OBJC_WEAK = YES;
				CLANG_WARN_BLOCK_CAPTURE_AUTORELEASING = YES;
				CLANG_WARN_BOOL_CONVERSION = YES;
				CLANG_WARN_COMMA = YES;
				CLANG_WARN_CONSTANT_CONVERSION = YES;
				CLANG_WARN_DEPRECATED_OBJC_IMPLEMENTATIONS = YES;
				CLANG_WARN_DIRECT_OBJC_ISA_USAGE = YES_ERROR;
				CLANG_WARN_DOCUMENTATION_COMMENTS = YES;
				CLANG_WARN_EMPTY_BODY = YES;
				CLANG_WARN_ENUM_CONVERSION = YES;
				CLANG_WARN_INFINITE_RECURSION = YES;
				CLANG_WARN_INT_CONVERSION = YES;
				CLANG_WARN_NON_LITERAL_NULL_CONVERSION = YES;
				CLANG_WARN_OBJC_IMPLICIT_RETAIN_SELF = YES;
				CLANG_WARN_OBJC_LITERAL_CONVERSION = YES;
				CLANG_WARN_OBJC_ROOT_CLASS = YES_ERROR;
				CLANG_WARN_QUOTED_INCLUDE_IN_FRAMEWORK_HEADER = YES;
				CLANG_WARN_RANGE_LOOP_ANALYSIS = YES;
				CLANG_WARN_STRICT_PROTOTYPES = YES;
				CLANG_WARN_SUSPICIOUS_MOVE = YES;
				CLANG_WARN_UNGUARDED_AVAILABILITY = YES_AGGRESSIVE;
				CLANG_WARN_UNREACHABLE_CODE = YES;
				CLANG_WARN__DUPLICATE_METHOD_MATCH = YES;
				COPY_PHASE_STRIP = NO;
				DEBUG_INFORMATION_FORMAT = dwarf;
				ENABLE_STRICT_OBJC_MSGSEND = YES;
				ENABLE_TESTABILITY = YES;
				GCC_C_LANGUAGE_STANDARD = gnu11;
				GCC_DYNAMIC_NO_PIC = NO;
				GCC_NO_COMMON_BLOCKS = YES;
				GCC_OPTIMIZATION_LEVEL = 0;
				GCC_PREPROCESSOR_DEFINITIONS = (
					"DEBUG=1",
					"$(inherited)",
				);
				GCC_WARN_64_TO_32_BIT_CONVERSION = YES;
				GCC_WARN_ABOUT_RETURN_TYPE = YES_ERROR;
				GCC_WARN_UNDECLARED_SELECTOR = YES;
				GCC_WARN_UNINITIALIZED_AUTOS = YES_AGGRESSIVE;
				GCC_WARN_UNUSED_FUNCTION = YES;
				GCC_WARN_UNUSED_VARIABLE = YES;
				MACOSX_DEPLOYMENT_TARGET = 11.1;
				MTL_ENABLE_DEBUG_INFO = INCLUDE_SOURCE;
				MTL_FAST_MATH = YES;
				ONLY_ACTIVE_ARCH = YES;
				SDKROOT = macosx;
				SWIFT_ACTIVE_COMPILATION_CONDITIONS = DEBUG;
				SWIFT_OPTIMIZATION_LEVEL = "-Onone";
			};
			name = Debug;
		};
		DBD9FC6C259F8A240060AEB9 /* Release */ = {
			isa = XCBuildConfiguration;
			buildSettings = {
				ALWAYS_SEARCH_USER_PATHS = NO;
				CLANG_ANALYZER_NONNULL = YES;
				CLANG_ANALYZER_NUMBER_OBJECT_CONVERSION = YES_AGGRESSIVE;
				CLANG_CXX_LANGUAGE_STANDARD = "gnu++14";
				CLANG_CXX_LIBRARY = "libc++";
				CLANG_ENABLE_MODULES = YES;
				CLANG_ENABLE_OBJC_ARC = YES;
				CLANG_ENABLE_OBJC_WEAK = YES;
				CLANG_WARN_BLOCK_CAPTURE_AUTORELEASING = YES;
				CLANG_WARN_BOOL_CONVERSION = YES;
				CLANG_WARN_COMMA = YES;
				CLANG_WARN_CONSTANT_CONVERSION = YES;
				CLANG_WARN_DEPRECATED_OBJC_IMPLEMENTATIONS = YES;
				CLANG_WARN_DIRECT_OBJC_ISA_USAGE = YES_ERROR;
				CLANG_WARN_DOCUMENTATION_COMMENTS = YES;
				CLANG_WARN_EMPTY_BODY = YES;
				CLANG_WARN_ENUM_CONVERSION = YES;
				CLANG_WARN_INFINITE_RECURSION = YES;
				CLANG_WARN_INT_CONVERSION = YES;
				CLANG_WARN_NON_LITERAL_NULL_CONVERSION = YES;
				CLANG_WARN_OBJC_IMPLICIT_RETAIN_SELF = YES;
				CLANG_WARN_OBJC_LITERAL_CONVERSION = YES;
				CLANG_WARN_OBJC_ROOT_CLASS = YES_ERROR;
				CLANG_WARN_QUOTED_INCLUDE_IN_FRAMEWORK_HEADER = YES;
				CLANG_WARN_RANGE_LOOP_ANALYSIS = YES;
				CLANG_WARN_STRICT_PROTOTYPES = YES;
				CLANG_WARN_SUSPICIOUS_MOVE = YES;
				CLANG_WARN_UNGUARDED_AVAILABILITY = YES_AGGRESSIVE;
				CLANG_WARN_UNREACHABLE_CODE = YES;
				CLANG_WARN__DUPLICATE_METHOD_MATCH = YES;
				COPY_PHASE_STRIP = NO;
				DEBUG_INFORMATION_FORMAT = "dwarf-with-dsym";
				ENABLE_NS_ASSERTIONS = NO;
				ENABLE_STRICT_OBJC_MSGSEND = YES;
				GCC_C_LANGUAGE_STANDARD = gnu11;
				GCC_NO_COMMON_BLOCKS = YES;
				GCC_WARN_64_TO_32_BIT_CONVERSION = YES;
				GCC_WARN_ABOUT_RETURN_TYPE = YES_ERROR;
				GCC_WARN_UNDECLARED_SELECTOR = YES;
				GCC_WARN_UNINITIALIZED_AUTOS = YES_AGGRESSIVE;
				GCC_WARN_UNUSED_FUNCTION = YES;
				GCC_WARN_UNUSED_VARIABLE = YES;
				MACOSX_DEPLOYMENT_TARGET = 11.1;
				MTL_ENABLE_DEBUG_INFO = NO;
				MTL_FAST_MATH = YES;
				SDKROOT = macosx;
				SWIFT_COMPILATION_MODE = wholemodule;
				SWIFT_OPTIMIZATION_LEVEL = "-O";
			};
			name = Release;
		};
		DBD9FC6E259F8A240060AEB9 /* Debug */ = {
			isa = XCBuildConfiguration;
			buildSettings = {
				ASSETCATALOG_COMPILER_APPICON_NAME = AppIcon;
				ASSETCATALOG_COMPILER_GLOBAL_ACCENT_COLOR_NAME = AccentColor;
				CODE_SIGN_ENTITLEMENTS = ArticlesMac/ArticlesMac.entitlements;
				CODE_SIGN_STYLE = Automatic;
				COMBINE_HIDPI_IMAGES = YES;
				DEVELOPMENT_ASSET_PATHS = "\"ArticlesMac/Preview Content\"";
				DEVELOPMENT_TEAM = 6UR9TA6744;
				ENABLE_HARDENED_RUNTIME = YES;
				ENABLE_PREVIEWS = YES;
				INFOPLIST_FILE = ArticlesMac/Info.plist;
				LD_RUNPATH_SEARCH_PATHS = (
					"$(inherited)",
					"@executable_path/../Frameworks",
				);
				MACOSX_DEPLOYMENT_TARGET = 11.0;
				PRODUCT_BUNDLE_IDENTIFIER = com.janhovland.ArticlesMac;
				PRODUCT_NAME = "$(TARGET_NAME)";
				SWIFT_VERSION = 5.0;
			};
			name = Debug;
		};
		DBD9FC6F259F8A240060AEB9 /* Release */ = {
			isa = XCBuildConfiguration;
			buildSettings = {
				ASSETCATALOG_COMPILER_APPICON_NAME = AppIcon;
				ASSETCATALOG_COMPILER_GLOBAL_ACCENT_COLOR_NAME = AccentColor;
				CODE_SIGN_ENTITLEMENTS = ArticlesMac/ArticlesMac.entitlements;
				CODE_SIGN_STYLE = Automatic;
				COMBINE_HIDPI_IMAGES = YES;
				DEVELOPMENT_ASSET_PATHS = "\"ArticlesMac/Preview Content\"";
				DEVELOPMENT_TEAM = 6UR9TA6744;
				ENABLE_HARDENED_RUNTIME = YES;
				ENABLE_PREVIEWS = YES;
				INFOPLIST_FILE = ArticlesMac/Info.plist;
				LD_RUNPATH_SEARCH_PATHS = (
					"$(inherited)",
					"@executable_path/../Frameworks",
				);
				MACOSX_DEPLOYMENT_TARGET = 11.0;
				PRODUCT_BUNDLE_IDENTIFIER = com.janhovland.ArticlesMac;
				PRODUCT_NAME = "$(TARGET_NAME)";
				SWIFT_VERSION = 5.0;
			};
			name = Release;
		};
/* End XCBuildConfiguration section */

/* Begin XCConfigurationList section */
		DBD9FC53259F8A230060AEB9 /* Build configuration list for PBXProject "ArticlesMac" */ = {
			isa = XCConfigurationList;
			buildConfigurations = (
				DBD9FC6B259F8A240060AEB9 /* Debug */,
				DBD9FC6C259F8A240060AEB9 /* Release */,
			);
			defaultConfigurationIsVisible = 0;
			defaultConfigurationName = Release;
		};
		DBD9FC6D259F8A240060AEB9 /* Build configuration list for PBXNativeTarget "ArticlesMac" */ = {
			isa = XCConfigurationList;
			buildConfigurations = (
				DBD9FC6E259F8A240060AEB9 /* Debug */,
				DBD9FC6F259F8A240060AEB9 /* Release */,
			);
			defaultConfigurationIsVisible = 0;
			defaultConfigurationName = Release;
		};
/* End XCConfigurationList section */

/* Begin XCVersionGroup section */
		DBD9FC66259F8A240060AEB9 /* ArticlesMac.xcdatamodeld */ = {
			isa = XCVersionGroup;
			children = (
				DBD9FC67259F8A240060AEB9 /* ArticlesMac.xcdatamodel */,
			);
			currentVersion = DBD9FC67259F8A240060AEB9 /* ArticlesMac.xcdatamodel */;
			path = ArticlesMac.xcdatamodeld;
			sourceTree = "<group>";
			versionGroupType = wrapper.xcdatamodel;
		};
/* End XCVersionGroup section */
	};
	rootObject = DBD9FC50259F8A230060AEB9 /* Project object */;
}
